// !$*UTF8*$!
{
	archiveVersion = 1;
	classes = {
	};
	objectVersion = 51;
	objects = {

/* Begin PBXBuildFile section */
		00F80CCF7EBD2BB384936773 /* Pods_NorrisFactsTests.framework in Frameworks */ = {isa = PBXBuildFile; fileRef = 5338D250F0F46FD1EE5143E5 /* Pods_NorrisFactsTests.framework */; };
		22B4B3C795917EB0B93B3645 /* Pods_NorrisFacts_NorrisFactsUITests.framework in Frameworks */ = {isa = PBXBuildFile; fileRef = BE8159EC791DB91A4213F3E7 /* Pods_NorrisFacts_NorrisFactsUITests.framework */; };
		C0B01C37F297527443D23470 /* Pods_NorrisFacts.framework in Frameworks */ = {isa = PBXBuildFile; fileRef = BA3076643CC170D26208BFC3 /* Pods_NorrisFacts.framework */; };
		FA1CF5AA24B0EBBB00409CB0 /* AppDelegate.swift in Sources */ = {isa = PBXBuildFile; fileRef = FA1CF5A924B0EBBB00409CB0 /* AppDelegate.swift */; };
		FA1CF5B324B0EBBD00409CB0 /* Assets.xcassets in Resources */ = {isa = PBXBuildFile; fileRef = FA1CF5B224B0EBBD00409CB0 /* Assets.xcassets */; };
		FA1CF5B624B0EBBD00409CB0 /* LaunchScreen.storyboard in Resources */ = {isa = PBXBuildFile; fileRef = FA1CF5B424B0EBBD00409CB0 /* LaunchScreen.storyboard */; };
		FA1CF5CC24B0EBBD00409CB0 /* NorrisFactsUITests.swift in Sources */ = {isa = PBXBuildFile; fileRef = FA1CF5CB24B0EBBD00409CB0 /* NorrisFactsUITests.swift */; };
		FA1CF5DD24B110F900409CB0 /* AppCoodinator.swift in Sources */ = {isa = PBXBuildFile; fileRef = FA1CF5DC24B110F900409CB0 /* AppCoodinator.swift */; };
		FA1CF5E024B1127C00409CB0 /* BaseCoordinator.swift in Sources */ = {isa = PBXBuildFile; fileRef = FA1CF5DF24B1127C00409CB0 /* BaseCoordinator.swift */; };
		FA1CF5E324B1169700409CB0 /* FactsListCoordinator.swift in Sources */ = {isa = PBXBuildFile; fileRef = FA1CF5E224B1169700409CB0 /* FactsListCoordinator.swift */; };
		FA1CF5E624B1181D00409CB0 /* FactsListViewController.swift in Sources */ = {isa = PBXBuildFile; fileRef = FA1CF5E424B1181D00409CB0 /* FactsListViewController.swift */; };
		FA1CF5E724B1181D00409CB0 /* FactsListViewController.xib in Resources */ = {isa = PBXBuildFile; fileRef = FA1CF5E524B1181D00409CB0 /* FactsListViewController.xib */; };
		FA1CF5EC24B1235400409CB0 /* HttpService.swift in Sources */ = {isa = PBXBuildFile; fileRef = FA1CF5EB24B1235400409CB0 /* HttpService.swift */; };
		FA1CF5F124B1245000409CB0 /* Reachability.swift in Sources */ = {isa = PBXBuildFile; fileRef = FA1CF5F024B1245000409CB0 /* Reachability.swift */; };
		FA1CF5F424B124CC00409CB0 /* NorrisFactsError.swift in Sources */ = {isa = PBXBuildFile; fileRef = FA1CF5F324B124CC00409CB0 /* NorrisFactsError.swift */; };
		FA1CF5FA24B1276700409CB0 /* NorrisFactsAPI.swift in Sources */ = {isa = PBXBuildFile; fileRef = FA1CF5F924B1276700409CB0 /* NorrisFactsAPI.swift */; };
		FA1CF5FF24B1283500409CB0 /* Codable+ext.swift in Sources */ = {isa = PBXBuildFile; fileRef = FA1CF5FE24B1283500409CB0 /* Codable+ext.swift */; };
		FA1CF60124B128C700409CB0 /* NorrisFactsService.swift in Sources */ = {isa = PBXBuildFile; fileRef = FA1CF60024B128C700409CB0 /* NorrisFactsService.swift */; };
		FA1CF60324B12CAA00409CB0 /* HttpService+Rx.swift in Sources */ = {isa = PBXBuildFile; fileRef = FA1CF60224B12CAA00409CB0 /* HttpService+Rx.swift */; };
		FA1CF60724B12EF500409CB0 /* Assets.swift in Sources */ = {isa = PBXBuildFile; fileRef = FA1CF60624B12EF500409CB0 /* Assets.swift */; };
		FA1CF60924B12EFD00409CB0 /* Strings.swift in Sources */ = {isa = PBXBuildFile; fileRef = FA1CF60824B12EFD00409CB0 /* Strings.swift */; };
		FA1CF60B24B12F1B00409CB0 /* Localizable.strings in Resources */ = {isa = PBXBuildFile; fileRef = FA1CF60A24B12F1B00409CB0 /* Localizable.strings */; };
		FA1CF61124B1342200409CB0 /* NorricsFactsStorage.swift in Sources */ = {isa = PBXBuildFile; fileRef = FA1CF61024B1342200409CB0 /* NorricsFactsStorage.swift */; };
		FA1CF61324B37D2200409CB0 /* FactsListViewModel.swift in Sources */ = {isa = PBXBuildFile; fileRef = FA1CF61224B37D2200409CB0 /* FactsListViewModel.swift */; };
		FA1CF61524B37DB100409CB0 /* ActivityIndicator.swift in Sources */ = {isa = PBXBuildFile; fileRef = FA1CF61424B37DB100409CB0 /* ActivityIndicator.swift */; };
		FA1CF61924B3804700409CB0 /* FactsListViewModelTests.swift in Sources */ = {isa = PBXBuildFile; fileRef = FA1CF61824B3804700409CB0 /* FactsListViewModelTests.swift */; };
		FA1CF61C24B3830D00409CB0 /* FactCategory.swift in Sources */ = {isa = PBXBuildFile; fileRef = FA1CF61B24B3830D00409CB0 /* FactCategory.swift */; };
		FA1CF62024B3853E00409CB0 /* FactCategoryTests.swift in Sources */ = {isa = PBXBuildFile; fileRef = FA1CF61F24B3853E00409CB0 /* FactCategoryTests.swift */; };
		FA1CF62324B3895000409CB0 /* RxSwift+Ext.swift in Sources */ = {isa = PBXBuildFile; fileRef = FA1CF62224B3895000409CB0 /* RxSwift+Ext.swift */; };
		FA1CF62924B3D41F00409CB0 /* RMFactCategory.swift in Sources */ = {isa = PBXBuildFile; fileRef = FA1CF62824B3D41F00409CB0 /* RMFactCategory.swift */; };
		FA1CF62B24B408D000409CB0 /* UIViewController+Rx.swift in Sources */ = {isa = PBXBuildFile; fileRef = FA1CF62A24B408D000409CB0 /* UIViewController+Rx.swift */; };
		FA1CF63124B41E4500409CB0 /* FactsListViewControllerTests.swift in Sources */ = {isa = PBXBuildFile; fileRef = FA1CF63024B41E4500409CB0 /* FactsListViewControllerTests.swift */; };
		FA1CF63524B4212700409CB0 /* NorrisFactsServiceTests.swift in Sources */ = {isa = PBXBuildFile; fileRef = FA1CF63424B4212700409CB0 /* NorrisFactsServiceTests.swift */; };
		FA1CF63924B4D4F400409CB0 /* FactItemViewModel.swift in Sources */ = {isa = PBXBuildFile; fileRef = FA1CF63824B4D4F400409CB0 /* FactItemViewModel.swift */; };
		FA1CF63B24B4D51E00409CB0 /* FactListErrorViewModel.swift in Sources */ = {isa = PBXBuildFile; fileRef = FA1CF63A24B4D51E00409CB0 /* FactListErrorViewModel.swift */; };
		FA1CF63D24B4D61100409CB0 /* NorrisFact.swift in Sources */ = {isa = PBXBuildFile; fileRef = FA1CF63C24B4D61100409CB0 /* NorrisFact.swift */; };
		FA1CF63F24B4F86300409CB0 /* RMNorrisFact.swift in Sources */ = {isa = PBXBuildFile; fileRef = FA1CF63E24B4F86300409CB0 /* RMNorrisFact.swift */; };
		FA1CF64224B5145900409CB0 /* TestHelpers.swift in Sources */ = {isa = PBXBuildFile; fileRef = FA1CF64124B5145900409CB0 /* TestHelpers.swift */; };
		FA1CF64524B514AA00409CB0 /* facts.json in Resources */ = {isa = PBXBuildFile; fileRef = FA1CF64424B514AA00409CB0 /* facts.json */; };
		FA1CF64724B5285300409CB0 /* DateFormatter+ext.swift in Sources */ = {isa = PBXBuildFile; fileRef = FA1CF64624B5285300409CB0 /* DateFormatter+ext.swift */; };
		FA1CF64924B629FC00409CB0 /* UITableView+ext.swift in Sources */ = {isa = PBXBuildFile; fileRef = FA1CF64824B629FC00409CB0 /* UITableView+ext.swift */; };
		FA1CF64C24B62B3A00409CB0 /* FactTableViewCell.swift in Sources */ = {isa = PBXBuildFile; fileRef = FA1CF64A24B62B3A00409CB0 /* FactTableViewCell.swift */; };
		FA1CF64D24B62B3A00409CB0 /* FactTableViewCell.xib in Resources */ = {isa = PBXBuildFile; fileRef = FA1CF64B24B62B3A00409CB0 /* FactTableViewCell.xib */; };
		FAD3201224B6472E0044C83E /* fact-short-text.json in Resources */ = {isa = PBXBuildFile; fileRef = FAD3201124B6472E0044C83E /* fact-short-text.json */; };
		FAD3201424B647580044C83E /* fact-long-text.json in Resources */ = {isa = PBXBuildFile; fileRef = FAD3201324B647580044C83E /* fact-long-text.json */; };
		FAD3201624B64A6C0044C83E /* FactItemViewModel.swift in Sources */ = {isa = PBXBuildFile; fileRef = FAD3201524B64A6C0044C83E /* FactItemViewModel.swift */; };
/* End PBXBuildFile section */

/* Begin PBXContainerItemProxy section */
		FA1CF5BD24B0EBBD00409CB0 /* PBXContainerItemProxy */ = {
			isa = PBXContainerItemProxy;
			containerPortal = FA1CF59E24B0EBBB00409CB0 /* Project object */;
			proxyType = 1;
			remoteGlobalIDString = FA1CF5A524B0EBBB00409CB0;
			remoteInfo = NorrisFacts;
		};
		FA1CF5C824B0EBBD00409CB0 /* PBXContainerItemProxy */ = {
			isa = PBXContainerItemProxy;
			containerPortal = FA1CF59E24B0EBBB00409CB0 /* Project object */;
			proxyType = 1;
			remoteGlobalIDString = FA1CF5A524B0EBBB00409CB0;
			remoteInfo = NorrisFacts;
		};
/* End PBXContainerItemProxy section */

/* Begin PBXFileReference section */
		3C4B8DCB4253A22EDEFD1D06 /* Pods-NorrisFacts.release.xcconfig */ = {isa = PBXFileReference; includeInIndex = 1; lastKnownFileType = text.xcconfig; name = "Pods-NorrisFacts.release.xcconfig"; path = "Target Support Files/Pods-NorrisFacts/Pods-NorrisFacts.release.xcconfig"; sourceTree = "<group>"; };
		425CD7C9D41CED50121CF99A /* Pods-NorrisFacts-NorrisFactsUITests.debug.xcconfig */ = {isa = PBXFileReference; includeInIndex = 1; lastKnownFileType = text.xcconfig; name = "Pods-NorrisFacts-NorrisFactsUITests.debug.xcconfig"; path = "Target Support Files/Pods-NorrisFacts-NorrisFactsUITests/Pods-NorrisFacts-NorrisFactsUITests.debug.xcconfig"; sourceTree = "<group>"; };
		5338D250F0F46FD1EE5143E5 /* Pods_NorrisFactsTests.framework */ = {isa = PBXFileReference; explicitFileType = wrapper.framework; includeInIndex = 0; path = Pods_NorrisFactsTests.framework; sourceTree = BUILT_PRODUCTS_DIR; };
		9946CF45928F5AE9B8332091 /* Pods-NorrisFacts.debug.xcconfig */ = {isa = PBXFileReference; includeInIndex = 1; lastKnownFileType = text.xcconfig; name = "Pods-NorrisFacts.debug.xcconfig"; path = "Target Support Files/Pods-NorrisFacts/Pods-NorrisFacts.debug.xcconfig"; sourceTree = "<group>"; };
		BA3076643CC170D26208BFC3 /* Pods_NorrisFacts.framework */ = {isa = PBXFileReference; explicitFileType = wrapper.framework; includeInIndex = 0; path = Pods_NorrisFacts.framework; sourceTree = BUILT_PRODUCTS_DIR; };
		BC87F7193F699A0EB3B6D5DC /* Pods-NorrisFactsTests.release.xcconfig */ = {isa = PBXFileReference; includeInIndex = 1; lastKnownFileType = text.xcconfig; name = "Pods-NorrisFactsTests.release.xcconfig"; path = "Target Support Files/Pods-NorrisFactsTests/Pods-NorrisFactsTests.release.xcconfig"; sourceTree = "<group>"; };
		BE8159EC791DB91A4213F3E7 /* Pods_NorrisFacts_NorrisFactsUITests.framework */ = {isa = PBXFileReference; explicitFileType = wrapper.framework; includeInIndex = 0; path = Pods_NorrisFacts_NorrisFactsUITests.framework; sourceTree = BUILT_PRODUCTS_DIR; };
		E60653223E53881C9C1D5B88 /* Pods-NorrisFactsTests.debug.xcconfig */ = {isa = PBXFileReference; includeInIndex = 1; lastKnownFileType = text.xcconfig; name = "Pods-NorrisFactsTests.debug.xcconfig"; path = "Target Support Files/Pods-NorrisFactsTests/Pods-NorrisFactsTests.debug.xcconfig"; sourceTree = "<group>"; };
		F47B6F25D66AB356E39213F4 /* Pods-NorrisFacts-NorrisFactsUITests.release.xcconfig */ = {isa = PBXFileReference; includeInIndex = 1; lastKnownFileType = text.xcconfig; name = "Pods-NorrisFacts-NorrisFactsUITests.release.xcconfig"; path = "Target Support Files/Pods-NorrisFacts-NorrisFactsUITests/Pods-NorrisFacts-NorrisFactsUITests.release.xcconfig"; sourceTree = "<group>"; };
		FA1CF5A624B0EBBB00409CB0 /* NorrisFacts.app */ = {isa = PBXFileReference; explicitFileType = wrapper.application; includeInIndex = 0; path = NorrisFacts.app; sourceTree = BUILT_PRODUCTS_DIR; };
		FA1CF5A924B0EBBB00409CB0 /* AppDelegate.swift */ = {isa = PBXFileReference; lastKnownFileType = sourcecode.swift; path = AppDelegate.swift; sourceTree = "<group>"; };
		FA1CF5B224B0EBBD00409CB0 /* Assets.xcassets */ = {isa = PBXFileReference; lastKnownFileType = folder.assetcatalog; path = Assets.xcassets; sourceTree = "<group>"; };
		FA1CF5B524B0EBBD00409CB0 /* Base */ = {isa = PBXFileReference; lastKnownFileType = file.storyboard; name = Base; path = Base.lproj/LaunchScreen.storyboard; sourceTree = "<group>"; };
		FA1CF5B724B0EBBD00409CB0 /* Info.plist */ = {isa = PBXFileReference; lastKnownFileType = text.plist.xml; path = Info.plist; sourceTree = "<group>"; };
		FA1CF5BC24B0EBBD00409CB0 /* NorrisFactsTests.xctest */ = {isa = PBXFileReference; explicitFileType = wrapper.cfbundle; includeInIndex = 0; path = NorrisFactsTests.xctest; sourceTree = BUILT_PRODUCTS_DIR; };
		FA1CF5C224B0EBBD00409CB0 /* Info.plist */ = {isa = PBXFileReference; lastKnownFileType = text.plist.xml; path = Info.plist; sourceTree = "<group>"; };
		FA1CF5C724B0EBBD00409CB0 /* NorrisFactsUITests.xctest */ = {isa = PBXFileReference; explicitFileType = wrapper.cfbundle; includeInIndex = 0; path = NorrisFactsUITests.xctest; sourceTree = BUILT_PRODUCTS_DIR; };
		FA1CF5CB24B0EBBD00409CB0 /* NorrisFactsUITests.swift */ = {isa = PBXFileReference; lastKnownFileType = sourcecode.swift; path = NorrisFactsUITests.swift; sourceTree = "<group>"; };
		FA1CF5CD24B0EBBD00409CB0 /* Info.plist */ = {isa = PBXFileReference; lastKnownFileType = text.plist.xml; path = Info.plist; sourceTree = "<group>"; };
		FA1CF5DC24B110F900409CB0 /* AppCoodinator.swift */ = {isa = PBXFileReference; lastKnownFileType = sourcecode.swift; path = AppCoodinator.swift; sourceTree = "<group>"; };
		FA1CF5DF24B1127C00409CB0 /* BaseCoordinator.swift */ = {isa = PBXFileReference; lastKnownFileType = sourcecode.swift; path = BaseCoordinator.swift; sourceTree = "<group>"; };
		FA1CF5E224B1169700409CB0 /* FactsListCoordinator.swift */ = {isa = PBXFileReference; lastKnownFileType = sourcecode.swift; path = FactsListCoordinator.swift; sourceTree = "<group>"; };
		FA1CF5E424B1181D00409CB0 /* FactsListViewController.swift */ = {isa = PBXFileReference; lastKnownFileType = sourcecode.swift; path = FactsListViewController.swift; sourceTree = "<group>"; };
		FA1CF5E524B1181D00409CB0 /* FactsListViewController.xib */ = {isa = PBXFileReference; lastKnownFileType = file.xib; path = FactsListViewController.xib; sourceTree = "<group>"; };
		FA1CF5EB24B1235400409CB0 /* HttpService.swift */ = {isa = PBXFileReference; lastKnownFileType = sourcecode.swift; path = HttpService.swift; sourceTree = "<group>"; };
		FA1CF5F024B1245000409CB0 /* Reachability.swift */ = {isa = PBXFileReference; lastKnownFileType = sourcecode.swift; path = Reachability.swift; sourceTree = "<group>"; };
		FA1CF5F324B124CC00409CB0 /* NorrisFactsError.swift */ = {isa = PBXFileReference; lastKnownFileType = sourcecode.swift; path = NorrisFactsError.swift; sourceTree = "<group>"; };
		FA1CF5F924B1276700409CB0 /* NorrisFactsAPI.swift */ = {isa = PBXFileReference; lastKnownFileType = sourcecode.swift; path = NorrisFactsAPI.swift; sourceTree = "<group>"; };
		FA1CF5FE24B1283500409CB0 /* Codable+ext.swift */ = {isa = PBXFileReference; lastKnownFileType = sourcecode.swift; path = "Codable+ext.swift"; sourceTree = "<group>"; };
		FA1CF60024B128C700409CB0 /* NorrisFactsService.swift */ = {isa = PBXFileReference; lastKnownFileType = sourcecode.swift; path = NorrisFactsService.swift; sourceTree = "<group>"; };
		FA1CF60224B12CAA00409CB0 /* HttpService+Rx.swift */ = {isa = PBXFileReference; lastKnownFileType = sourcecode.swift; path = "HttpService+Rx.swift"; sourceTree = "<group>"; };
		FA1CF60624B12EF500409CB0 /* Assets.swift */ = {isa = PBXFileReference; lastKnownFileType = sourcecode.swift; path = Assets.swift; sourceTree = "<group>"; };
		FA1CF60824B12EFD00409CB0 /* Strings.swift */ = {isa = PBXFileReference; lastKnownFileType = sourcecode.swift; path = Strings.swift; sourceTree = "<group>"; };
		FA1CF60A24B12F1B00409CB0 /* Localizable.strings */ = {isa = PBXFileReference; lastKnownFileType = text.plist.strings; path = Localizable.strings; sourceTree = "<group>"; };
		FA1CF61024B1342200409CB0 /* NorricsFactsStorage.swift */ = {isa = PBXFileReference; lastKnownFileType = sourcecode.swift; path = NorricsFactsStorage.swift; sourceTree = "<group>"; };
		FA1CF61224B37D2200409CB0 /* FactsListViewModel.swift */ = {isa = PBXFileReference; lastKnownFileType = sourcecode.swift; path = FactsListViewModel.swift; sourceTree = "<group>"; };
		FA1CF61424B37DB100409CB0 /* ActivityIndicator.swift */ = {isa = PBXFileReference; lastKnownFileType = sourcecode.swift; path = ActivityIndicator.swift; sourceTree = "<group>"; };
		FA1CF61824B3804700409CB0 /* FactsListViewModelTests.swift */ = {isa = PBXFileReference; lastKnownFileType = sourcecode.swift; path = FactsListViewModelTests.swift; sourceTree = "<group>"; };
		FA1CF61B24B3830D00409CB0 /* FactCategory.swift */ = {isa = PBXFileReference; lastKnownFileType = sourcecode.swift; path = FactCategory.swift; sourceTree = "<group>"; };
		FA1CF61F24B3853E00409CB0 /* FactCategoryTests.swift */ = {isa = PBXFileReference; lastKnownFileType = sourcecode.swift; path = FactCategoryTests.swift; sourceTree = "<group>"; };
		FA1CF62224B3895000409CB0 /* RxSwift+Ext.swift */ = {isa = PBXFileReference; lastKnownFileType = sourcecode.swift; path = "RxSwift+Ext.swift"; sourceTree = "<group>"; };
		FA1CF62824B3D41F00409CB0 /* RMFactCategory.swift */ = {isa = PBXFileReference; lastKnownFileType = sourcecode.swift; path = RMFactCategory.swift; sourceTree = "<group>"; };
		FA1CF62A24B408D000409CB0 /* UIViewController+Rx.swift */ = {isa = PBXFileReference; lastKnownFileType = sourcecode.swift; path = "UIViewController+Rx.swift"; sourceTree = "<group>"; };
		FA1CF63024B41E4500409CB0 /* FactsListViewControllerTests.swift */ = {isa = PBXFileReference; lastKnownFileType = sourcecode.swift; path = FactsListViewControllerTests.swift; sourceTree = "<group>"; };
		FA1CF63424B4212700409CB0 /* NorrisFactsServiceTests.swift */ = {isa = PBXFileReference; lastKnownFileType = sourcecode.swift; path = NorrisFactsServiceTests.swift; sourceTree = "<group>"; };
		FA1CF63824B4D4F400409CB0 /* FactItemViewModel.swift */ = {isa = PBXFileReference; lastKnownFileType = sourcecode.swift; path = FactItemViewModel.swift; sourceTree = "<group>"; };
		FA1CF63A24B4D51E00409CB0 /* FactListErrorViewModel.swift */ = {isa = PBXFileReference; lastKnownFileType = sourcecode.swift; path = FactListErrorViewModel.swift; sourceTree = "<group>"; };
		FA1CF63C24B4D61100409CB0 /* NorrisFact.swift */ = {isa = PBXFileReference; lastKnownFileType = sourcecode.swift; path = NorrisFact.swift; sourceTree = "<group>"; };
		FA1CF63E24B4F86300409CB0 /* RMNorrisFact.swift */ = {isa = PBXFileReference; lastKnownFileType = sourcecode.swift; path = RMNorrisFact.swift; sourceTree = "<group>"; };
		FA1CF64124B5145900409CB0 /* TestHelpers.swift */ = {isa = PBXFileReference; lastKnownFileType = sourcecode.swift; path = TestHelpers.swift; sourceTree = "<group>"; };
		FA1CF64424B514AA00409CB0 /* facts.json */ = {isa = PBXFileReference; lastKnownFileType = text.json; path = facts.json; sourceTree = "<group>"; };
		FA1CF64624B5285300409CB0 /* DateFormatter+ext.swift */ = {isa = PBXFileReference; lastKnownFileType = sourcecode.swift; path = "DateFormatter+ext.swift"; sourceTree = "<group>"; };
		FA1CF64824B629FC00409CB0 /* UITableView+ext.swift */ = {isa = PBXFileReference; lastKnownFileType = sourcecode.swift; path = "UITableView+ext.swift"; sourceTree = "<group>"; };
		FA1CF64A24B62B3A00409CB0 /* FactTableViewCell.swift */ = {isa = PBXFileReference; lastKnownFileType = sourcecode.swift; path = FactTableViewCell.swift; sourceTree = "<group>"; };
		FA1CF64B24B62B3A00409CB0 /* FactTableViewCell.xib */ = {isa = PBXFileReference; lastKnownFileType = file.xib; path = FactTableViewCell.xib; sourceTree = "<group>"; };
		FAD3201124B6472E0044C83E /* fact-short-text.json */ = {isa = PBXFileReference; lastKnownFileType = text.json; path = "fact-short-text.json"; sourceTree = "<group>"; };
		FAD3201324B647580044C83E /* fact-long-text.json */ = {isa = PBXFileReference; lastKnownFileType = text.json; path = "fact-long-text.json"; sourceTree = "<group>"; };
		FAD3201524B64A6C0044C83E /* FactItemViewModel.swift */ = {isa = PBXFileReference; lastKnownFileType = sourcecode.swift; path = FactItemViewModel.swift; sourceTree = "<group>"; };
/* End PBXFileReference section */

/* Begin PBXFrameworksBuildPhase section */
		FA1CF5A324B0EBBB00409CB0 /* Frameworks */ = {
			isa = PBXFrameworksBuildPhase;
			buildActionMask = 2147483647;
			files = (
				C0B01C37F297527443D23470 /* Pods_NorrisFacts.framework in Frameworks */,
			);
			runOnlyForDeploymentPostprocessing = 0;
		};
		FA1CF5B924B0EBBD00409CB0 /* Frameworks */ = {
			isa = PBXFrameworksBuildPhase;
			buildActionMask = 2147483647;
			files = (
				00F80CCF7EBD2BB384936773 /* Pods_NorrisFactsTests.framework in Frameworks */,
			);
			runOnlyForDeploymentPostprocessing = 0;
		};
		FA1CF5C424B0EBBD00409CB0 /* Frameworks */ = {
			isa = PBXFrameworksBuildPhase;
			buildActionMask = 2147483647;
			files = (
				22B4B3C795917EB0B93B3645 /* Pods_NorrisFacts_NorrisFactsUITests.framework in Frameworks */,
			);
			runOnlyForDeploymentPostprocessing = 0;
		};
/* End PBXFrameworksBuildPhase section */

/* Begin PBXGroup section */
		2E4716D06344B52F863805F6 /* Pods */ = {
			isa = PBXGroup;
			children = (
				9946CF45928F5AE9B8332091 /* Pods-NorrisFacts.debug.xcconfig */,
				3C4B8DCB4253A22EDEFD1D06 /* Pods-NorrisFacts.release.xcconfig */,
				425CD7C9D41CED50121CF99A /* Pods-NorrisFacts-NorrisFactsUITests.debug.xcconfig */,
				F47B6F25D66AB356E39213F4 /* Pods-NorrisFacts-NorrisFactsUITests.release.xcconfig */,
				E60653223E53881C9C1D5B88 /* Pods-NorrisFactsTests.debug.xcconfig */,
				BC87F7193F699A0EB3B6D5DC /* Pods-NorrisFactsTests.release.xcconfig */,
			);
			path = Pods;
			sourceTree = "<group>";
		};
		2EC93BD06C47211A918B9465 /* Frameworks */ = {
			isa = PBXGroup;
			children = (
				BA3076643CC170D26208BFC3 /* Pods_NorrisFacts.framework */,
				BE8159EC791DB91A4213F3E7 /* Pods_NorrisFacts_NorrisFactsUITests.framework */,
				5338D250F0F46FD1EE5143E5 /* Pods_NorrisFactsTests.framework */,
			);
			name = Frameworks;
			sourceTree = "<group>";
		};
		FA1CF59D24B0EBBB00409CB0 = {
			isa = PBXGroup;
			children = (
				FA1CF5A824B0EBBB00409CB0 /* NorrisFacts */,
				FA1CF5BF24B0EBBD00409CB0 /* NorrisFactsTests */,
				FA1CF5CA24B0EBBD00409CB0 /* NorrisFactsUITests */,
				FA1CF5A724B0EBBB00409CB0 /* Products */,
				2E4716D06344B52F863805F6 /* Pods */,
				2EC93BD06C47211A918B9465 /* Frameworks */,
			);
			sourceTree = "<group>";
		};
		FA1CF5A724B0EBBB00409CB0 /* Products */ = {
			isa = PBXGroup;
			children = (
				FA1CF5A624B0EBBB00409CB0 /* NorrisFacts.app */,
				FA1CF5BC24B0EBBD00409CB0 /* NorrisFactsTests.xctest */,
				FA1CF5C724B0EBBD00409CB0 /* NorrisFactsUITests.xctest */,
			);
			name = Products;
			sourceTree = "<group>";
		};
		FA1CF5A824B0EBBB00409CB0 /* NorrisFacts */ = {
			isa = PBXGroup;
			children = (
				FA1CF5DE24B1120200409CB0 /* Resources */,
				FA1CF5DB24B1106100409CB0 /* Core */,
				FA1CF5DA24B1105700409CB0 /* Scenes */,
				FA1CF5A924B0EBBB00409CB0 /* AppDelegate.swift */,
				FA1CF5DC24B110F900409CB0 /* AppCoodinator.swift */,
				FA1CF5B424B0EBBD00409CB0 /* LaunchScreen.storyboard */,
				FA1CF5B724B0EBBD00409CB0 /* Info.plist */,
			);
			path = NorrisFacts;
			sourceTree = "<group>";
		};
		FA1CF5BF24B0EBBD00409CB0 /* NorrisFactsTests */ = {
			isa = PBXGroup;
			children = (
				FA1CF64024B5144A00409CB0 /* Helpers */,
				FA1CF61D24B3852700409CB0 /* Core */,
				FA1CF61624B3802000409CB0 /* Scenes */,
				FA1CF5C224B0EBBD00409CB0 /* Info.plist */,
			);
			path = NorrisFactsTests;
			sourceTree = "<group>";
		};
		FA1CF5CA24B0EBBD00409CB0 /* NorrisFactsUITests */ = {
			isa = PBXGroup;
			children = (
				FA1CF5CB24B0EBBD00409CB0 /* NorrisFactsUITests.swift */,
				FA1CF5CD24B0EBBD00409CB0 /* Info.plist */,
			);
			path = NorrisFactsUITests;
			sourceTree = "<group>";
		};
		FA1CF5DA24B1105700409CB0 /* Scenes */ = {
			isa = PBXGroup;
			children = (
				FA1CF5F524B126AD00409CB0 /* Facts */,
			);
			path = Scenes;
			sourceTree = "<group>";
		};
		FA1CF5DB24B1106100409CB0 /* Core */ = {
			isa = PBXGroup;
			children = (
				FA1CF62124B3894200409CB0 /* Extensions */,
				FA1CF5F224B124B700409CB0 /* Error */,
				FA1CF5EA24B1231100409CB0 /* HttpService */,
				FA1CF5FB24B1280500409CB0 /* Data */,
				FA1CF5DF24B1127C00409CB0 /* BaseCoordinator.swift */,
				FA1CF61424B37DB100409CB0 /* ActivityIndicator.swift */,
			);
			path = Core;
			sourceTree = "<group>";
		};
		FA1CF5DE24B1120200409CB0 /* Resources */ = {
			isa = PBXGroup;
			children = (
				FA1CF60524B12EEA00409CB0 /* Generated */,
				FA1CF5B224B0EBBD00409CB0 /* Assets.xcassets */,
				FA1CF60A24B12F1B00409CB0 /* Localizable.strings */,
			);
			path = Resources;
			sourceTree = "<group>";
		};
		FA1CF5E124B1164600409CB0 /* FactsList */ = {
			isa = PBXGroup;
			children = (
				FA1CF63724B4D4E200409CB0 /* Cells */,
				FA1CF63624B4D4D800409CB0 /* ErrorView */,
				FA1CF5E224B1169700409CB0 /* FactsListCoordinator.swift */,
				FA1CF5E424B1181D00409CB0 /* FactsListViewController.swift */,
				FA1CF5E524B1181D00409CB0 /* FactsListViewController.xib */,
				FA1CF61224B37D2200409CB0 /* FactsListViewModel.swift */,
			);
			path = FactsList;
			sourceTree = "<group>";
		};
		FA1CF5EA24B1231100409CB0 /* HttpService */ = {
			isa = PBXGroup;
			children = (
				FA1CF5EB24B1235400409CB0 /* HttpService.swift */,
				FA1CF5F024B1245000409CB0 /* Reachability.swift */,
				FA1CF60224B12CAA00409CB0 /* HttpService+Rx.swift */,
			);
			path = HttpService;
			sourceTree = "<group>";
		};
		FA1CF5F224B124B700409CB0 /* Error */ = {
			isa = PBXGroup;
			children = (
				FA1CF5F324B124CC00409CB0 /* NorrisFactsError.swift */,
			);
			path = Error;
			sourceTree = "<group>";
		};
		FA1CF5F524B126AD00409CB0 /* Facts */ = {
			isa = PBXGroup;
			children = (
				FA1CF5E124B1164600409CB0 /* FactsList */,
			);
			path = Facts;
			sourceTree = "<group>";
		};
		FA1CF5FB24B1280500409CB0 /* Data */ = {
			isa = PBXGroup;
			children = (
				FA1CF61A24B3830300409CB0 /* Models */,
				FA1CF60F24B1340C00409CB0 /* Storage */,
				FA1CF5FD24B1281C00409CB0 /* Networking */,
				FA1CF5FC24B1281600409CB0 /* Services */,
			);
			path = Data;
			sourceTree = "<group>";
		};
		FA1CF5FC24B1281600409CB0 /* Services */ = {
			isa = PBXGroup;
			children = (
				FA1CF60024B128C700409CB0 /* NorrisFactsService.swift */,
			);
			path = Services;
			sourceTree = "<group>";
		};
		FA1CF5FD24B1281C00409CB0 /* Networking */ = {
			isa = PBXGroup;
			children = (
				FA1CF5F924B1276700409CB0 /* NorrisFactsAPI.swift */,
				FA1CF5FE24B1283500409CB0 /* Codable+ext.swift */,
			);
			path = Networking;
			sourceTree = "<group>";
		};
		FA1CF60524B12EEA00409CB0 /* Generated */ = {
			isa = PBXGroup;
			children = (
				FA1CF60624B12EF500409CB0 /* Assets.swift */,
				FA1CF60824B12EFD00409CB0 /* Strings.swift */,
			);
			path = Generated;
			sourceTree = "<group>";
		};
		FA1CF60F24B1340C00409CB0 /* Storage */ = {
			isa = PBXGroup;
			children = (
				FA1CF62724B3D3FF00409CB0 /* DatabaseEntities */,
				FA1CF61024B1342200409CB0 /* NorricsFactsStorage.swift */,
			);
			path = Storage;
			sourceTree = "<group>";
		};
		FA1CF61624B3802000409CB0 /* Scenes */ = {
			isa = PBXGroup;
			children = (
				FA1CF61724B3802D00409CB0 /* FactsList */,
			);
			path = Scenes;
			sourceTree = "<group>";
		};
		FA1CF61724B3802D00409CB0 /* FactsList */ = {
			isa = PBXGroup;
			children = (
				FA1CF64324B5149300409CB0 /* stubs */,
				FA1CF61824B3804700409CB0 /* FactsListViewModelTests.swift */,
				FA1CF63024B41E4500409CB0 /* FactsListViewControllerTests.swift */,
				FAD3201524B64A6C0044C83E /* FactItemViewModel.swift */,
			);
			path = FactsList;
			sourceTree = "<group>";
		};
		FA1CF61A24B3830300409CB0 /* Models */ = {
			isa = PBXGroup;
			children = (
				FA1CF61B24B3830D00409CB0 /* FactCategory.swift */,
				FA1CF63C24B4D61100409CB0 /* NorrisFact.swift */,
			);
			path = Models;
			sourceTree = "<group>";
		};
		FA1CF61D24B3852700409CB0 /* Core */ = {
			isa = PBXGroup;
			children = (
				FA1CF63224B4210A00409CB0 /* Services */,
				FA1CF61E24B3852C00409CB0 /* Models */,
			);
			path = Core;
			sourceTree = "<group>";
		};
		FA1CF61E24B3852C00409CB0 /* Models */ = {
			isa = PBXGroup;
			children = (
				FA1CF61F24B3853E00409CB0 /* FactCategoryTests.swift */,
			);
			path = Models;
			sourceTree = "<group>";
		};
		FA1CF62124B3894200409CB0 /* Extensions */ = {
			isa = PBXGroup;
			children = (
				FA1CF62224B3895000409CB0 /* RxSwift+Ext.swift */,
				FA1CF62A24B408D000409CB0 /* UIViewController+Rx.swift */,
				FA1CF64624B5285300409CB0 /* DateFormatter+ext.swift */,
				FA1CF64824B629FC00409CB0 /* UITableView+ext.swift */,
			);
			path = Extensions;
			sourceTree = "<group>";
		};
		FA1CF62724B3D3FF00409CB0 /* DatabaseEntities */ = {
			isa = PBXGroup;
			children = (
				FA1CF62824B3D41F00409CB0 /* RMFactCategory.swift */,
				FA1CF63E24B4F86300409CB0 /* RMNorrisFact.swift */,
			);
			path = DatabaseEntities;
			sourceTree = "<group>";
		};
		FA1CF63224B4210A00409CB0 /* Services */ = {
			isa = PBXGroup;
			children = (
				FA1CF63424B4212700409CB0 /* NorrisFactsServiceTests.swift */,
			);
			path = Services;
			sourceTree = "<group>";
		};
		FA1CF63624B4D4D800409CB0 /* ErrorView */ = {
			isa = PBXGroup;
			children = (
				FA1CF63A24B4D51E00409CB0 /* FactListErrorViewModel.swift */,
			);
			path = ErrorView;
			sourceTree = "<group>";
		};
		FA1CF63724B4D4E200409CB0 /* Cells */ = {
			isa = PBXGroup;
			children = (
				FA1CF63824B4D4F400409CB0 /* FactItemViewModel.swift */,
				FA1CF64A24B62B3A00409CB0 /* FactTableViewCell.swift */,
				FA1CF64B24B62B3A00409CB0 /* FactTableViewCell.xib */,
			);
			path = Cells;
			sourceTree = "<group>";
		};
		FA1CF64024B5144A00409CB0 /* Helpers */ = {
			isa = PBXGroup;
			children = (
				FA1CF64124B5145900409CB0 /* TestHelpers.swift */,
			);
			path = Helpers;
			sourceTree = "<group>";
		};
		FA1CF64324B5149300409CB0 /* stubs */ = {
			isa = PBXGroup;
			children = (
				FA1CF64424B514AA00409CB0 /* facts.json */,
				FAD3201124B6472E0044C83E /* fact-short-text.json */,
				FAD3201324B647580044C83E /* fact-long-text.json */,
			);
			path = stubs;
			sourceTree = "<group>";
		};
/* End PBXGroup section */

/* Begin PBXNativeTarget section */
		FA1CF5A524B0EBBB00409CB0 /* NorrisFacts */ = {
			isa = PBXNativeTarget;
			buildConfigurationList = FA1CF5D024B0EBBD00409CB0 /* Build configuration list for PBXNativeTarget "NorrisFacts" */;
			buildPhases = (
				64A90F53DC773CDFC6C85A95 /* [CP] Check Pods Manifest.lock */,
				FA1CF60424B12E9D00409CB0 /* SwiftGen */,
				FA1CF5D924B0EFC300409CB0 /* SwiftLint */,
				FA1CF5A224B0EBBB00409CB0 /* Sources */,
				FA1CF5A324B0EBBB00409CB0 /* Frameworks */,
				FA1CF5A424B0EBBB00409CB0 /* Resources */,
				FE08FDC6F4C0CFE4BBB5FBBD /* [CP] Embed Pods Frameworks */,
			);
			buildRules = (
			);
			dependencies = (
			);
			name = NorrisFacts;
			productName = NorrisFacts;
			productReference = FA1CF5A624B0EBBB00409CB0 /* NorrisFacts.app */;
			productType = "com.apple.product-type.application";
		};
		FA1CF5BB24B0EBBD00409CB0 /* NorrisFactsTests */ = {
			isa = PBXNativeTarget;
			buildConfigurationList = FA1CF5D324B0EBBD00409CB0 /* Build configuration list for PBXNativeTarget "NorrisFactsTests" */;
			buildPhases = (
				E5BA37ADB18879CE2BAB6BA3 /* [CP] Check Pods Manifest.lock */,
				FA1CF5B824B0EBBD00409CB0 /* Sources */,
				FA1CF5B924B0EBBD00409CB0 /* Frameworks */,
				FA1CF5BA24B0EBBD00409CB0 /* Resources */,
				2D5F79ED7C75985882693E95 /* [CP] Embed Pods Frameworks */,
			);
			buildRules = (
			);
			dependencies = (
				FA1CF5BE24B0EBBD00409CB0 /* PBXTargetDependency */,
			);
			name = NorrisFactsTests;
			productName = NorrisFactsTests;
			productReference = FA1CF5BC24B0EBBD00409CB0 /* NorrisFactsTests.xctest */;
			productType = "com.apple.product-type.bundle.unit-test";
		};
		FA1CF5C624B0EBBD00409CB0 /* NorrisFactsUITests */ = {
			isa = PBXNativeTarget;
			buildConfigurationList = FA1CF5D624B0EBBD00409CB0 /* Build configuration list for PBXNativeTarget "NorrisFactsUITests" */;
			buildPhases = (
				28A32A693C4106E079B4E508 /* [CP] Check Pods Manifest.lock */,
				FA1CF5C324B0EBBD00409CB0 /* Sources */,
				FA1CF5C424B0EBBD00409CB0 /* Frameworks */,
				FA1CF5C524B0EBBD00409CB0 /* Resources */,
				8632F6F23F590202F2957484 /* [CP] Embed Pods Frameworks */,
			);
			buildRules = (
			);
			dependencies = (
				FA1CF5C924B0EBBD00409CB0 /* PBXTargetDependency */,
			);
			name = NorrisFactsUITests;
			productName = NorrisFactsUITests;
			productReference = FA1CF5C724B0EBBD00409CB0 /* NorrisFactsUITests.xctest */;
			productType = "com.apple.product-type.bundle.ui-testing";
		};
/* End PBXNativeTarget section */

/* Begin PBXProject section */
		FA1CF59E24B0EBBB00409CB0 /* Project object */ = {
			isa = PBXProject;
			attributes = {
				LastSwiftUpdateCheck = 1140;
				LastUpgradeCheck = 1140;
				ORGANIZATIONNAME = "Antony Nelson Daudt Alkmim";
				TargetAttributes = {
					FA1CF5A524B0EBBB00409CB0 = {
						CreatedOnToolsVersion = 11.4.1;
					};
					FA1CF5BB24B0EBBD00409CB0 = {
						CreatedOnToolsVersion = 11.4.1;
						TestTargetID = FA1CF5A524B0EBBB00409CB0;
					};
					FA1CF5C624B0EBBD00409CB0 = {
						CreatedOnToolsVersion = 11.4.1;
						TestTargetID = FA1CF5A524B0EBBB00409CB0;
					};
				};
			};
			buildConfigurationList = FA1CF5A124B0EBBB00409CB0 /* Build configuration list for PBXProject "NorrisFacts" */;
			compatibilityVersion = "Xcode 9.3";
			developmentRegion = en;
			hasScannedForEncodings = 0;
			knownRegions = (
				en,
				Base,
			);
			mainGroup = FA1CF59D24B0EBBB00409CB0;
			productRefGroup = FA1CF5A724B0EBBB00409CB0 /* Products */;
			projectDirPath = "";
			projectRoot = "";
			targets = (
				FA1CF5A524B0EBBB00409CB0 /* NorrisFacts */,
				FA1CF5BB24B0EBBD00409CB0 /* NorrisFactsTests */,
				FA1CF5C624B0EBBD00409CB0 /* NorrisFactsUITests */,
			);
		};
/* End PBXProject section */

/* Begin PBXResourcesBuildPhase section */
		FA1CF5A424B0EBBB00409CB0 /* Resources */ = {
			isa = PBXResourcesBuildPhase;
			buildActionMask = 2147483647;
			files = (
				FA1CF5E724B1181D00409CB0 /* FactsListViewController.xib in Resources */,
				FA1CF60B24B12F1B00409CB0 /* Localizable.strings in Resources */,
				FA1CF5B624B0EBBD00409CB0 /* LaunchScreen.storyboard in Resources */,
				FA1CF64D24B62B3A00409CB0 /* FactTableViewCell.xib in Resources */,
				FA1CF5B324B0EBBD00409CB0 /* Assets.xcassets in Resources */,
			);
			runOnlyForDeploymentPostprocessing = 0;
		};
		FA1CF5BA24B0EBBD00409CB0 /* Resources */ = {
			isa = PBXResourcesBuildPhase;
			buildActionMask = 2147483647;
			files = (
				FA1CF64524B514AA00409CB0 /* facts.json in Resources */,
				FAD3201224B6472E0044C83E /* fact-short-text.json in Resources */,
				FAD3201424B647580044C83E /* fact-long-text.json in Resources */,
			);
			runOnlyForDeploymentPostprocessing = 0;
		};
		FA1CF5C524B0EBBD00409CB0 /* Resources */ = {
			isa = PBXResourcesBuildPhase;
			buildActionMask = 2147483647;
			files = (
			);
			runOnlyForDeploymentPostprocessing = 0;
		};
/* End PBXResourcesBuildPhase section */

/* Begin PBXShellScriptBuildPhase section */
		28A32A693C4106E079B4E508 /* [CP] Check Pods Manifest.lock */ = {
			isa = PBXShellScriptBuildPhase;
			buildActionMask = 2147483647;
			files = (
			);
			inputFileListPaths = (
			);
			inputPaths = (
				"${PODS_PODFILE_DIR_PATH}/Podfile.lock",
				"${PODS_ROOT}/Manifest.lock",
			);
			name = "[CP] Check Pods Manifest.lock";
			outputFileListPaths = (
			);
			outputPaths = (
				"$(DERIVED_FILE_DIR)/Pods-NorrisFacts-NorrisFactsUITests-checkManifestLockResult.txt",
			);
			runOnlyForDeploymentPostprocessing = 0;
			shellPath = /bin/sh;
			shellScript = "diff \"${PODS_PODFILE_DIR_PATH}/Podfile.lock\" \"${PODS_ROOT}/Manifest.lock\" > /dev/null\nif [ $? != 0 ] ; then\n    # print error to STDERR\n    echo \"error: The sandbox is not in sync with the Podfile.lock. Run 'pod install' or update your CocoaPods installation.\" >&2\n    exit 1\nfi\n# This output is used by Xcode 'outputs' to avoid re-running this script phase.\necho \"SUCCESS\" > \"${SCRIPT_OUTPUT_FILE_0}\"\n";
			showEnvVarsInLog = 0;
		};
		2D5F79ED7C75985882693E95 /* [CP] Embed Pods Frameworks */ = {
			isa = PBXShellScriptBuildPhase;
			buildActionMask = 2147483647;
			files = (
			);
			inputFileListPaths = (
				"${PODS_ROOT}/Target Support Files/Pods-NorrisFactsTests/Pods-NorrisFactsTests-frameworks-${CONFIGURATION}-input-files.xcfilelist",
			);
			name = "[CP] Embed Pods Frameworks";
			outputFileListPaths = (
				"${PODS_ROOT}/Target Support Files/Pods-NorrisFactsTests/Pods-NorrisFactsTests-frameworks-${CONFIGURATION}-output-files.xcfilelist",
			);
			runOnlyForDeploymentPostprocessing = 0;
			shellPath = /bin/sh;
			shellScript = "\"${PODS_ROOT}/Target Support Files/Pods-NorrisFactsTests/Pods-NorrisFactsTests-frameworks.sh\"\n";
			showEnvVarsInLog = 0;
		};
		64A90F53DC773CDFC6C85A95 /* [CP] Check Pods Manifest.lock */ = {
			isa = PBXShellScriptBuildPhase;
			buildActionMask = 2147483647;
			files = (
			);
			inputFileListPaths = (
			);
			inputPaths = (
				"${PODS_PODFILE_DIR_PATH}/Podfile.lock",
				"${PODS_ROOT}/Manifest.lock",
			);
			name = "[CP] Check Pods Manifest.lock";
			outputFileListPaths = (
			);
			outputPaths = (
				"$(DERIVED_FILE_DIR)/Pods-NorrisFacts-checkManifestLockResult.txt",
			);
			runOnlyForDeploymentPostprocessing = 0;
			shellPath = /bin/sh;
			shellScript = "diff \"${PODS_PODFILE_DIR_PATH}/Podfile.lock\" \"${PODS_ROOT}/Manifest.lock\" > /dev/null\nif [ $? != 0 ] ; then\n    # print error to STDERR\n    echo \"error: The sandbox is not in sync with the Podfile.lock. Run 'pod install' or update your CocoaPods installation.\" >&2\n    exit 1\nfi\n# This output is used by Xcode 'outputs' to avoid re-running this script phase.\necho \"SUCCESS\" > \"${SCRIPT_OUTPUT_FILE_0}\"\n";
			showEnvVarsInLog = 0;
		};
		8632F6F23F590202F2957484 /* [CP] Embed Pods Frameworks */ = {
			isa = PBXShellScriptBuildPhase;
			buildActionMask = 2147483647;
			files = (
			);
			inputFileListPaths = (
				"${PODS_ROOT}/Target Support Files/Pods-NorrisFacts-NorrisFactsUITests/Pods-NorrisFacts-NorrisFactsUITests-frameworks-${CONFIGURATION}-input-files.xcfilelist",
			);
			name = "[CP] Embed Pods Frameworks";
			outputFileListPaths = (
				"${PODS_ROOT}/Target Support Files/Pods-NorrisFacts-NorrisFactsUITests/Pods-NorrisFacts-NorrisFactsUITests-frameworks-${CONFIGURATION}-output-files.xcfilelist",
			);
			runOnlyForDeploymentPostprocessing = 0;
			shellPath = /bin/sh;
			shellScript = "\"${PODS_ROOT}/Target Support Files/Pods-NorrisFacts-NorrisFactsUITests/Pods-NorrisFacts-NorrisFactsUITests-frameworks.sh\"\n";
			showEnvVarsInLog = 0;
		};
		E5BA37ADB18879CE2BAB6BA3 /* [CP] Check Pods Manifest.lock */ = {
			isa = PBXShellScriptBuildPhase;
			buildActionMask = 2147483647;
			files = (
			);
			inputFileListPaths = (
			);
			inputPaths = (
				"${PODS_PODFILE_DIR_PATH}/Podfile.lock",
				"${PODS_ROOT}/Manifest.lock",
			);
			name = "[CP] Check Pods Manifest.lock";
			outputFileListPaths = (
			);
			outputPaths = (
				"$(DERIVED_FILE_DIR)/Pods-NorrisFactsTests-checkManifestLockResult.txt",
			);
			runOnlyForDeploymentPostprocessing = 0;
			shellPath = /bin/sh;
			shellScript = "diff \"${PODS_PODFILE_DIR_PATH}/Podfile.lock\" \"${PODS_ROOT}/Manifest.lock\" > /dev/null\nif [ $? != 0 ] ; then\n    # print error to STDERR\n    echo \"error: The sandbox is not in sync with the Podfile.lock. Run 'pod install' or update your CocoaPods installation.\" >&2\n    exit 1\nfi\n# This output is used by Xcode 'outputs' to avoid re-running this script phase.\necho \"SUCCESS\" > \"${SCRIPT_OUTPUT_FILE_0}\"\n";
			showEnvVarsInLog = 0;
		};
		FA1CF5D924B0EFC300409CB0 /* SwiftLint */ = {
			isa = PBXShellScriptBuildPhase;
			buildActionMask = 2147483647;
			files = (
			);
			inputFileListPaths = (
			);
			inputPaths = (
			);
			name = SwiftLint;
			outputFileListPaths = (
			);
			outputPaths = (
			);
			runOnlyForDeploymentPostprocessing = 0;
			shellPath = /bin/sh;
			shellScript = "\"${PODS_ROOT}/SwiftLint/swiftlint\"\n";
		};
		FA1CF60424B12E9D00409CB0 /* SwiftGen */ = {
			isa = PBXShellScriptBuildPhase;
			buildActionMask = 2147483647;
			files = (
			);
			inputFileListPaths = (
			);
			inputPaths = (
			);
			name = SwiftGen;
			outputFileListPaths = (
			);
			outputPaths = (
			);
			runOnlyForDeploymentPostprocessing = 0;
			shellPath = /bin/sh;
			shellScript = "\"$PODS_ROOT\"/SwiftGen/bin/swiftgen xcassets -t swift4 \"$PROJECT_DIR/NorrisFacts/Resources/Assets.xcassets\" --output \"$PROJECT_DIR/NorrisFacts/Resources/Generated/Assets.swift\"\n\n\"$PODS_ROOT\"/SwiftGen/bin/swiftgen strings -t structured-swift4 \"$PROJECT_DIR/NorrisFacts/Resources/Localizable.strings\" --output \"$PROJECT_DIR/NorrisFacts/Resources/Generated/Strings.swift\"\n";
		};
		FE08FDC6F4C0CFE4BBB5FBBD /* [CP] Embed Pods Frameworks */ = {
			isa = PBXShellScriptBuildPhase;
			buildActionMask = 2147483647;
			files = (
			);
			inputFileListPaths = (
				"${PODS_ROOT}/Target Support Files/Pods-NorrisFacts/Pods-NorrisFacts-frameworks-${CONFIGURATION}-input-files.xcfilelist",
			);
			name = "[CP] Embed Pods Frameworks";
			outputFileListPaths = (
				"${PODS_ROOT}/Target Support Files/Pods-NorrisFacts/Pods-NorrisFacts-frameworks-${CONFIGURATION}-output-files.xcfilelist",
			);
			runOnlyForDeploymentPostprocessing = 0;
			shellPath = /bin/sh;
			shellScript = "\"${PODS_ROOT}/Target Support Files/Pods-NorrisFacts/Pods-NorrisFacts-frameworks.sh\"\n";
			showEnvVarsInLog = 0;
		};
/* End PBXShellScriptBuildPhase section */

/* Begin PBXSourcesBuildPhase section */
		FA1CF5A224B0EBBB00409CB0 /* Sources */ = {
			isa = PBXSourcesBuildPhase;
			buildActionMask = 2147483647;
			files = (
				FA1CF62324B3895000409CB0 /* RxSwift+Ext.swift in Sources */,
				FA1CF5FF24B1283500409CB0 /* Codable+ext.swift in Sources */,
				FA1CF5DD24B110F900409CB0 /* AppCoodinator.swift in Sources */,
				FA1CF61124B1342200409CB0 /* NorricsFactsStorage.swift in Sources */,
				FA1CF64924B629FC00409CB0 /* UITableView+ext.swift in Sources */,
				FA1CF5AA24B0EBBB00409CB0 /* AppDelegate.swift in Sources */,
				FA1CF60124B128C700409CB0 /* NorrisFactsService.swift in Sources */,
				FA1CF62924B3D41F00409CB0 /* RMFactCategory.swift in Sources */,
				FA1CF5E324B1169700409CB0 /* FactsListCoordinator.swift in Sources */,
				FA1CF60324B12CAA00409CB0 /* HttpService+Rx.swift in Sources */,
				FA1CF63924B4D4F400409CB0 /* FactItemViewModel.swift in Sources */,
				FA1CF60924B12EFD00409CB0 /* Strings.swift in Sources */,
				FA1CF5E624B1181D00409CB0 /* FactsListViewController.swift in Sources */,
				FA1CF5E024B1127C00409CB0 /* BaseCoordinator.swift in Sources */,
				FA1CF60724B12EF500409CB0 /* Assets.swift in Sources */,
				FA1CF63D24B4D61100409CB0 /* NorrisFact.swift in Sources */,
				FA1CF62B24B408D000409CB0 /* UIViewController+Rx.swift in Sources */,
				FA1CF5F124B1245000409CB0 /* Reachability.swift in Sources */,
				FA1CF61324B37D2200409CB0 /* FactsListViewModel.swift in Sources */,
				FA1CF64724B5285300409CB0 /* DateFormatter+ext.swift in Sources */,
				FA1CF5EC24B1235400409CB0 /* HttpService.swift in Sources */,
				FA1CF5F424B124CC00409CB0 /* NorrisFactsError.swift in Sources */,
				FA1CF63F24B4F86300409CB0 /* RMNorrisFact.swift in Sources */,
				FA1CF64C24B62B3A00409CB0 /* FactTableViewCell.swift in Sources */,
				FA1CF61C24B3830D00409CB0 /* FactCategory.swift in Sources */,
				FA1CF5FA24B1276700409CB0 /* NorrisFactsAPI.swift in Sources */,
				FA1CF63B24B4D51E00409CB0 /* FactListErrorViewModel.swift in Sources */,
				FA1CF61524B37DB100409CB0 /* ActivityIndicator.swift in Sources */,
			);
			runOnlyForDeploymentPostprocessing = 0;
		};
		FA1CF5B824B0EBBD00409CB0 /* Sources */ = {
			isa = PBXSourcesBuildPhase;
			buildActionMask = 2147483647;
			files = (
				FA1CF63124B41E4500409CB0 /* FactsListViewControllerTests.swift in Sources */,
				FA1CF64224B5145900409CB0 /* TestHelpers.swift in Sources */,
				FA1CF61924B3804700409CB0 /* FactsListViewModelTests.swift in Sources */,
				FA1CF62024B3853E00409CB0 /* FactCategoryTests.swift in Sources */,
				FA1CF63524B4212700409CB0 /* NorrisFactsServiceTests.swift in Sources */,
				FAD3201624B64A6C0044C83E /* FactItemViewModel.swift in Sources */,
			);
			runOnlyForDeploymentPostprocessing = 0;
		};
		FA1CF5C324B0EBBD00409CB0 /* Sources */ = {
			isa = PBXSourcesBuildPhase;
			buildActionMask = 2147483647;
			files = (
				FA1CF5CC24B0EBBD00409CB0 /* NorrisFactsUITests.swift in Sources */,
			);
			runOnlyForDeploymentPostprocessing = 0;
		};
/* End PBXSourcesBuildPhase section */

/* Begin PBXTargetDependency section */
		FA1CF5BE24B0EBBD00409CB0 /* PBXTargetDependency */ = {
			isa = PBXTargetDependency;
			target = FA1CF5A524B0EBBB00409CB0 /* NorrisFacts */;
			targetProxy = FA1CF5BD24B0EBBD00409CB0 /* PBXContainerItemProxy */;
		};
		FA1CF5C924B0EBBD00409CB0 /* PBXTargetDependency */ = {
			isa = PBXTargetDependency;
			target = FA1CF5A524B0EBBB00409CB0 /* NorrisFacts */;
			targetProxy = FA1CF5C824B0EBBD00409CB0 /* PBXContainerItemProxy */;
		};
/* End PBXTargetDependency section */

/* Begin PBXVariantGroup section */
		FA1CF5B424B0EBBD00409CB0 /* LaunchScreen.storyboard */ = {
			isa = PBXVariantGroup;
			children = (
				FA1CF5B524B0EBBD00409CB0 /* Base */,
			);
			name = LaunchScreen.storyboard;
			sourceTree = "<group>";
		};
/* End PBXVariantGroup section */

/* Begin XCBuildConfiguration section */
		FA1CF5CE24B0EBBD00409CB0 /* Debug */ = {
			isa = XCBuildConfiguration;
			buildSettings = {
				ALWAYS_SEARCH_USER_PATHS = NO;
				CLANG_ANALYZER_NONNULL = YES;
				CLANG_ANALYZER_NUMBER_OBJECT_CONVERSION = YES_AGGRESSIVE;
				CLANG_CXX_LANGUAGE_STANDARD = "gnu++14";
				CLANG_CXX_LIBRARY = "libc++";
				CLANG_ENABLE_MODULES = YES;
				CLANG_ENABLE_OBJC_ARC = YES;
				CLANG_ENABLE_OBJC_WEAK = YES;
				CLANG_WARN_BLOCK_CAPTURE_AUTORELEASING = YES;
				CLANG_WARN_BOOL_CONVERSION = YES;
				CLANG_WARN_COMMA = YES;
				CLANG_WARN_CONSTANT_CONVERSION = YES;
				CLANG_WARN_DEPRECATED_OBJC_IMPLEMENTATIONS = YES;
				CLANG_WARN_DIRECT_OBJC_ISA_USAGE = YES_ERROR;
				CLANG_WARN_DOCUMENTATION_COMMENTS = YES;
				CLANG_WARN_EMPTY_BODY = YES;
				CLANG_WARN_ENUM_CONVERSION = YES;
				CLANG_WARN_INFINITE_RECURSION = YES;
				CLANG_WARN_INT_CONVERSION = YES;
				CLANG_WARN_NON_LITERAL_NULL_CONVERSION = YES;
				CLANG_WARN_OBJC_IMPLICIT_RETAIN_SELF = YES;
				CLANG_WARN_OBJC_LITERAL_CONVERSION = YES;
				CLANG_WARN_OBJC_ROOT_CLASS = YES_ERROR;
				CLANG_WARN_RANGE_LOOP_ANALYSIS = YES;
				CLANG_WARN_STRICT_PROTOTYPES = YES;
				CLANG_WARN_SUSPICIOUS_MOVE = YES;
				CLANG_WARN_UNGUARDED_AVAILABILITY = YES_AGGRESSIVE;
				CLANG_WARN_UNREACHABLE_CODE = YES;
				CLANG_WARN__DUPLICATE_METHOD_MATCH = YES;
				COPY_PHASE_STRIP = NO;
				DEBUG_INFORMATION_FORMAT = dwarf;
				ENABLE_STRICT_OBJC_MSGSEND = YES;
				ENABLE_TESTABILITY = YES;
				GCC_C_LANGUAGE_STANDARD = gnu11;
				GCC_DYNAMIC_NO_PIC = NO;
				GCC_NO_COMMON_BLOCKS = YES;
				GCC_OPTIMIZATION_LEVEL = 0;
				GCC_PREPROCESSOR_DEFINITIONS = (
					"DEBUG=1",
					"$(inherited)",
				);
				GCC_WARN_64_TO_32_BIT_CONVERSION = YES;
				GCC_WARN_ABOUT_RETURN_TYPE = YES_ERROR;
				GCC_WARN_UNDECLARED_SELECTOR = YES;
				GCC_WARN_UNINITIALIZED_AUTOS = YES_AGGRESSIVE;
				GCC_WARN_UNUSED_FUNCTION = YES;
				GCC_WARN_UNUSED_VARIABLE = YES;
				IPHONEOS_DEPLOYMENT_TARGET = 13.4;
				MTL_ENABLE_DEBUG_INFO = INCLUDE_SOURCE;
				MTL_FAST_MATH = YES;
				ONLY_ACTIVE_ARCH = YES;
				SDKROOT = iphoneos;
				SWIFT_ACTIVE_COMPILATION_CONDITIONS = DEBUG;
				SWIFT_OPTIMIZATION_LEVEL = "-Onone";
			};
			name = Debug;
		};
		FA1CF5CF24B0EBBD00409CB0 /* Release */ = {
			isa = XCBuildConfiguration;
			buildSettings = {
				ALWAYS_SEARCH_USER_PATHS = NO;
				CLANG_ANALYZER_NONNULL = YES;
				CLANG_ANALYZER_NUMBER_OBJECT_CONVERSION = YES_AGGRESSIVE;
				CLANG_CXX_LANGUAGE_STANDARD = "gnu++14";
				CLANG_CXX_LIBRARY = "libc++";
				CLANG_ENABLE_MODULES = YES;
				CLANG_ENABLE_OBJC_ARC = YES;
				CLANG_ENABLE_OBJC_WEAK = YES;
				CLANG_WARN_BLOCK_CAPTURE_AUTORELEASING = YES;
				CLANG_WARN_BOOL_CONVERSION = YES;
				CLANG_WARN_COMMA = YES;
				CLANG_WARN_CONSTANT_CONVERSION = YES;
				CLANG_WARN_DEPRECATED_OBJC_IMPLEMENTATIONS = YES;
				CLANG_WARN_DIRECT_OBJC_ISA_USAGE = YES_ERROR;
				CLANG_WARN_DOCUMENTATION_COMMENTS = YES;
				CLANG_WARN_EMPTY_BODY = YES;
				CLANG_WARN_ENUM_CONVERSION = YES;
				CLANG_WARN_INFINITE_RECURSION = YES;
				CLANG_WARN_INT_CONVERSION = YES;
				CLANG_WARN_NON_LITERAL_NULL_CONVERSION = YES;
				CLANG_WARN_OBJC_IMPLICIT_RETAIN_SELF = YES;
				CLANG_WARN_OBJC_LITERAL_CONVERSION = YES;
				CLANG_WARN_OBJC_ROOT_CLASS = YES_ERROR;
				CLANG_WARN_RANGE_LOOP_ANALYSIS = YES;
				CLANG_WARN_STRICT_PROTOTYPES = YES;
				CLANG_WARN_SUSPICIOUS_MOVE = YES;
				CLANG_WARN_UNGUARDED_AVAILABILITY = YES_AGGRESSIVE;
				CLANG_WARN_UNREACHABLE_CODE = YES;
				CLANG_WARN__DUPLICATE_METHOD_MATCH = YES;
				COPY_PHASE_STRIP = NO;
				DEBUG_INFORMATION_FORMAT = "dwarf-with-dsym";
				ENABLE_NS_ASSERTIONS = NO;
				ENABLE_STRICT_OBJC_MSGSEND = YES;
				GCC_C_LANGUAGE_STANDARD = gnu11;
				GCC_NO_COMMON_BLOCKS = YES;
				GCC_WARN_64_TO_32_BIT_CONVERSION = YES;
				GCC_WARN_ABOUT_RETURN_TYPE = YES_ERROR;
				GCC_WARN_UNDECLARED_SELECTOR = YES;
				GCC_WARN_UNINITIALIZED_AUTOS = YES_AGGRESSIVE;
				GCC_WARN_UNUSED_FUNCTION = YES;
				GCC_WARN_UNUSED_VARIABLE = YES;
				IPHONEOS_DEPLOYMENT_TARGET = 13.4;
				MTL_ENABLE_DEBUG_INFO = NO;
				MTL_FAST_MATH = YES;
				SDKROOT = iphoneos;
				SWIFT_COMPILATION_MODE = wholemodule;
				SWIFT_OPTIMIZATION_LEVEL = "-O";
				VALIDATE_PRODUCT = YES;
			};
			name = Release;
		};
		FA1CF5D124B0EBBD00409CB0 /* Debug */ = {
			isa = XCBuildConfiguration;
			baseConfigurationReference = 9946CF45928F5AE9B8332091 /* Pods-NorrisFacts.debug.xcconfig */;
			buildSettings = {
				ALWAYS_EMBED_SWIFT_STANDARD_LIBRARIES = "$(inherited)";
				ASSETCATALOG_COMPILER_APPICON_NAME = AppIcon;
				CODE_SIGN_STYLE = Automatic;
				DEVELOPMENT_TEAM = AD62P27W7L;
				INFOPLIST_FILE = NorrisFacts/Info.plist;
				IPHONEOS_DEPLOYMENT_TARGET = 11.0;
				LD_RUNPATH_SEARCH_PATHS = (
					"$(inherited)",
					"@executable_path/Frameworks",
				);
				PRODUCT_BUNDLE_IDENTIFIER = io.norrisinc.NorrisFacts;
				PRODUCT_NAME = NorrisFacts;
				SWIFT_VERSION = 5.0;
				TARGETED_DEVICE_FAMILY = "1,2";
			};
			name = Debug;
		};
		FA1CF5D224B0EBBD00409CB0 /* Release */ = {
			isa = XCBuildConfiguration;
			baseConfigurationReference = 3C4B8DCB4253A22EDEFD1D06 /* Pods-NorrisFacts.release.xcconfig */;
			buildSettings = {
				ALWAYS_EMBED_SWIFT_STANDARD_LIBRARIES = "$(inherited)";
				ASSETCATALOG_COMPILER_APPICON_NAME = AppIcon;
				CODE_SIGN_STYLE = Automatic;
				DEVELOPMENT_TEAM = AD62P27W7L;
				INFOPLIST_FILE = NorrisFacts/Info.plist;
				IPHONEOS_DEPLOYMENT_TARGET = 11.0;
				LD_RUNPATH_SEARCH_PATHS = (
					"$(inherited)",
					"@executable_path/Frameworks",
				);
				PRODUCT_BUNDLE_IDENTIFIER = io.norrisinc.NorrisFacts;
				PRODUCT_NAME = NorrisFacts;
				SWIFT_VERSION = 5.0;
				TARGETED_DEVICE_FAMILY = "1,2";
			};
			name = Release;
		};
		FA1CF5D424B0EBBD00409CB0 /* Debug */ = {
			isa = XCBuildConfiguration;
			baseConfigurationReference = E60653223E53881C9C1D5B88 /* Pods-NorrisFactsTests.debug.xcconfig */;
			buildSettings = {
				ALWAYS_EMBED_SWIFT_STANDARD_LIBRARIES = "$(inherited)";
				BUNDLE_LOADER = "$(TEST_HOST)";
				CODE_SIGN_STYLE = Automatic;
				DEVELOPMENT_TEAM = AD62P27W7L;
				INFOPLIST_FILE = NorrisFactsTests/Info.plist;
				IPHONEOS_DEPLOYMENT_TARGET = 13.4;
				LD_RUNPATH_SEARCH_PATHS = (
					"$(inherited)",
					"@executable_path/Frameworks",
					"@loader_path/Frameworks",
				);
				PRODUCT_BUNDLE_IDENTIFIER = io.norrisinc.NorrisFactsTests;
				PRODUCT_NAME = "$(TARGET_NAME)";
				SWIFT_VERSION = 5.0;
				TARGETED_DEVICE_FAMILY = "1,2";
				TEST_HOST = "$(BUILT_PRODUCTS_DIR)/NorrisFacts.app/NorrisFacts";
			};
			name = Debug;
		};
		FA1CF5D524B0EBBD00409CB0 /* Release */ = {
			isa = XCBuildConfiguration;
			baseConfigurationReference = BC87F7193F699A0EB3B6D5DC /* Pods-NorrisFactsTests.release.xcconfig */;
			buildSettings = {
				ALWAYS_EMBED_SWIFT_STANDARD_LIBRARIES = "$(inherited)";
				BUNDLE_LOADER = "$(TEST_HOST)";
				CODE_SIGN_STYLE = Automatic;
				DEVELOPMENT_TEAM = AD62P27W7L;
				INFOPLIST_FILE = NorrisFactsTests/Info.plist;
				IPHONEOS_DEPLOYMENT_TARGET = 13.4;
				LD_RUNPATH_SEARCH_PATHS = (
					"$(inherited)",
					"@executable_path/Frameworks",
					"@loader_path/Frameworks",
				);
				PRODUCT_BUNDLE_IDENTIFIER = io.norrisinc.NorrisFactsTests;
				PRODUCT_NAME = "$(TARGET_NAME)";
				SWIFT_VERSION = 5.0;
				TARGETED_DEVICE_FAMILY = "1,2";
				TEST_HOST = "$(BUILT_PRODUCTS_DIR)/NorrisFacts.app/NorrisFacts";
			};
			name = Release;
		};
		FA1CF5D724B0EBBD00409CB0 /* Debug */ = {
			isa = XCBuildConfiguration;
			baseConfigurationReference = 425CD7C9D41CED50121CF99A /* Pods-NorrisFacts-NorrisFactsUITests.debug.xcconfig */;
			buildSettings = {
				ALWAYS_EMBED_SWIFT_STANDARD_LIBRARIES = "$(inherited)";
				CODE_SIGN_STYLE = Automatic;
				DEVELOPMENT_TEAM = AD62P27W7L;
				INFOPLIST_FILE = NorrisFactsUITests/Info.plist;
				LD_RUNPATH_SEARCH_PATHS = (
					"$(inherited)",
					"@executable_path/Frameworks",
					"@loader_path/Frameworks",
				);
				PRODUCT_BUNDLE_IDENTIFIER = io.norrisinc.NorrisFactsUITests;
				PRODUCT_NAME = "$(TARGET_NAME)";
				SWIFT_VERSION = 5.0;
				TARGETED_DEVICE_FAMILY = "1,2";
				TEST_TARGET_NAME = NorrisFacts;
			};
			name = Debug;
		};
		FA1CF5D824B0EBBD00409CB0 /* Release */ = {
			isa = XCBuildConfiguration;
			baseConfigurationReference = F47B6F25D66AB356E39213F4 /* Pods-NorrisFacts-NorrisFactsUITests.release.xcconfig */;
			buildSettings = {
				ALWAYS_EMBED_SWIFT_STANDARD_LIBRARIES = "$(inherited)";
				CODE_SIGN_STYLE = Automatic;
				DEVELOPMENT_TEAM = AD62P27W7L;
				INFOPLIST_FILE = NorrisFactsUITests/Info.plist;
				LD_RUNPATH_SEARCH_PATHS = (
					"$(inherited)",
					"@executable_path/Frameworks",
					"@loader_path/Frameworks",
				);
				PRODUCT_BUNDLE_IDENTIFIER = io.norrisinc.NorrisFactsUITests;
				PRODUCT_NAME = "$(TARGET_NAME)";
				SWIFT_VERSION = 5.0;
				TARGETED_DEVICE_FAMILY = "1,2";
				TEST_TARGET_NAME = NorrisFacts;
			};
			name = Release;
		};
/* End XCBuildConfiguration section */

/* Begin XCConfigurationList section */
		FA1CF5A124B0EBBB00409CB0 /* Build configuration list for PBXProject "NorrisFacts" */ = {
			isa = XCConfigurationList;
			buildConfigurations = (
				FA1CF5CE24B0EBBD00409CB0 /* Debug */,
				FA1CF5CF24B0EBBD00409CB0 /* Release */,
			);
			defaultConfigurationIsVisible = 0;
			defaultConfigurationName = Release;
		};
		FA1CF5D024B0EBBD00409CB0 /* Build configuration list for PBXNativeTarget "NorrisFacts" */ = {
			isa = XCConfigurationList;
			buildConfigurations = (
				FA1CF5D124B0EBBD00409CB0 /* Debug */,
				FA1CF5D224B0EBBD00409CB0 /* Release */,
			);
			defaultConfigurationIsVisible = 0;
			defaultConfigurationName = Release;
		};
		FA1CF5D324B0EBBD00409CB0 /* Build configuration list for PBXNativeTarget "NorrisFactsTests" */ = {
			isa = XCConfigurationList;
			buildConfigurations = (
				FA1CF5D424B0EBBD00409CB0 /* Debug */,
				FA1CF5D524B0EBBD00409CB0 /* Release */,
			);
			defaultConfigurationIsVisible = 0;
			defaultConfigurationName = Release;
		};
		FA1CF5D624B0EBBD00409CB0 /* Build configuration list for PBXNativeTarget "NorrisFactsUITests" */ = {
			isa = XCConfigurationList;
			buildConfigurations = (
				FA1CF5D724B0EBBD00409CB0 /* Debug */,
				FA1CF5D824B0EBBD00409CB0 /* Release */,
			);
			defaultConfigurationIsVisible = 0;
			defaultConfigurationName = Release;
		};
/* End XCConfigurationList section */
	};
	rootObject = FA1CF59E24B0EBBB00409CB0 /* Project object */;
}
